
Microsoft Visual Studio Solution File, Format Version 12.00
# Visual Studio Version 17
VisualStudioVersion = 17.0.31903.59
MinimumVisualStudioVersion = 10.0.40219.1
Project("{FAE04EC0-301F-11D3-BF4B-00C04F79EFBC}") = "The Concentration Game", "The Concentration Game\The Concentration Game.csproj", "{9F65E163-6014-441B-9D31-6B975B36D1E3}"
EndProject
Global
	GlobalSection(SolutionConfigurationPlatforms) = preSolution
		Debug|Any CPU = Debug|Any CPU
		Release|Any CPU = Release|Any CPU
	EndGlobalSection
	GlobalSection(ProjectConfigurationPlatforms) = postSolution
		{9F65E163-6014-441B-9D31-6B975B36D1E3}.Debug|Any CPU.ActiveCfg = Debug|Any CPU
		{9F65E163-6014-441B-9D31-6B975B36D1E3}.Debug|Any CPU.Build.0 = Debug|Any CPU
		{9F65E163-6014-441B-9D31-6B975B36D1E3}.Release|Any CPU.ActiveCfg = Release|Any CPU
		{9F65E163-6014-441B-9D31-6B975B36D1E3}.Release|Any CPU.Build.0 = Release|Any CPU
	EndGlobalSection
	GlobalSection(SolutionProperties) = preSolution
		HideSolutionNode = FALSE
	EndGlobalSection
	GlobalSection(ExtensibilityGlobals) = postSolution
		SolutionGuid = {B7E30036-B775-4CCE-8C8F-24F34D60E700}
	EndGlobalSection
EndGlobal
